// !$*UTF8*$!
{
	archiveVersion = 1;
	classes = {
	};
	objectVersion = 46;
	objects = {

/* Begin PBXBuildFile section */
		586BE2CA1B077B0F00C4B0DF /* AppDelegate.swift in Sources */ = {isa = PBXBuildFile; fileRef = 586BE2C91B077B0F00C4B0DF /* AppDelegate.swift */; };
		586BE2CD1B077B0F00C4B0DF /* lambda.xcdatamodeld in Sources */ = {isa = PBXBuildFile; fileRef = 586BE2CB1B077B0F00C4B0DF /* lambda.xcdatamodeld */; };
		586BE2CF1B077B0F00C4B0DF /* ViewController.swift in Sources */ = {isa = PBXBuildFile; fileRef = 586BE2CE1B077B0F00C4B0DF /* ViewController.swift */; };
		586BE2D21B077B0F00C4B0DF /* Main.storyboard in Resources */ = {isa = PBXBuildFile; fileRef = 586BE2D01B077B0F00C4B0DF /* Main.storyboard */; };
		586BE2D41B077B0F00C4B0DF /* Images.xcassets in Resources */ = {isa = PBXBuildFile; fileRef = 586BE2D31B077B0F00C4B0DF /* Images.xcassets */; };
		586BE2D71B077B0F00C4B0DF /* LaunchScreen.xib in Resources */ = {isa = PBXBuildFile; fileRef = 586BE2D51B077B0F00C4B0DF /* LaunchScreen.xib */; };
		586BE2E31B077B0F00C4B0DF /* lambdaTests.swift in Sources */ = {isa = PBXBuildFile; fileRef = 586BE2E21B077B0F00C4B0DF /* lambdaTests.swift */; };
/* End PBXBuildFile section */

/* Begin PBXContainerItemProxy section */
		586BE2DD1B077B0F00C4B0DF /* PBXContainerItemProxy */ = {
			isa = PBXContainerItemProxy;
			containerPortal = 586BE2BC1B077B0F00C4B0DF /* Project object */;
			proxyType = 1;
			remoteGlobalIDString = 586BE2C31B077B0F00C4B0DF;
			remoteInfo = lambda;
		};
/* End PBXContainerItemProxy section */

/* Begin PBXFileReference section */
		586BE2C41B077B0F00C4B0DF /* lambda.app */ = {isa = PBXFileReference; explicitFileType = wrapper.application; includeInIndex = 0; path = lambda.app; sourceTree = BUILT_PRODUCTS_DIR; };
		586BE2C81B077B0F00C4B0DF /* Info.plist */ = {isa = PBXFileReference; lastKnownFileType = text.plist.xml; path = Info.plist; sourceTree = "<group>"; };
		586BE2C91B077B0F00C4B0DF /* AppDelegate.swift */ = {isa = PBXFileReference; lastKnownFileType = sourcecode.swift; path = AppDelegate.swift; sourceTree = "<group>"; };
		586BE2CC1B077B0F00C4B0DF /* lambda.xcdatamodel */ = {isa = PBXFileReference; lastKnownFileType = wrapper.xcdatamodel; path = lambda.xcdatamodel; sourceTree = "<group>"; };
		586BE2CE1B077B0F00C4B0DF /* ViewController.swift */ = {isa = PBXFileReference; lastKnownFileType = sourcecode.swift; path = ViewController.swift; sourceTree = "<group>"; };
		586BE2D11B077B0F00C4B0DF /* Base */ = {isa = PBXFileReference; lastKnownFileType = file.storyboard; name = Base; path = Base.lproj/Main.storyboard; sourceTree = "<group>"; };
		586BE2D31B077B0F00C4B0DF /* Images.xcassets */ = {isa = PBXFileReference; lastKnownFileType = folder.assetcatalog; path = Images.xcassets; sourceTree = "<group>"; };
		586BE2D61B077B0F00C4B0DF /* Base */ = {isa = PBXFileReference; lastKnownFileType = file.xib; name = Base; path = Base.lproj/LaunchScreen.xib; sourceTree = "<group>"; };
		586BE2DC1B077B0F00C4B0DF /* lambdaTests.xctest */ = {isa = PBXFileReference; explicitFileType = wrapper.cfbundle; includeInIndex = 0; path = lambdaTests.xctest; sourceTree = BUILT_PRODUCTS_DIR; };
		586BE2E11B077B0F00C4B0DF /* Info.plist */ = {isa = PBXFileReference; lastKnownFileType = text.plist.xml; path = Info.plist; sourceTree = "<group>"; };
		586BE2E21B077B0F00C4B0DF /* lambdaTests.swift */ = {isa = PBXFileReference; lastKnownFileType = sourcecode.swift; path = lambdaTests.swift; sourceTree = "<group>"; };
/* End PBXFileReference section */

/* Begin PBXFrameworksBuildPhase section */
		586BE2C11B077B0F00C4B0DF /* Frameworks */ = {
			isa = PBXFrameworksBuildPhase;
			buildActionMask = 2147483647;
			files = (
			);
			runOnlyForDeploymentPostprocessing = 0;
		};
		586BE2D91B077B0F00C4B0DF /* Frameworks */ = {
			isa = PBXFrameworksBuildPhase;
			buildActionMask = 2147483647;
			files = (
			);
			runOnlyForDeploymentPostprocessing = 0;
		};
/* End PBXFrameworksBuildPhase section */

/* Begin PBXGroup section */
		586BE2BB1B077B0F00C4B0DF = {
			isa = PBXGroup;
			children = (
				586BE2C61B077B0F00C4B0DF /* lambda */,
				586BE2DF1B077B0F00C4B0DF /* lambdaTests */,
				586BE2C51B077B0F00C4B0DF /* Products */,
			);
			sourceTree = "<group>";
		};
		586BE2C51B077B0F00C4B0DF /* Products */ = {
			isa = PBXGroup;
			children = (
				586BE2C41B077B0F00C4B0DF /* lambda.app */,
				586BE2DC1B077B0F00C4B0DF /* lambdaTests.xctest */,
			);
			name = Products;
			sourceTree = "<group>";
		};
		586BE2C61B077B0F00C4B0DF /* lambda */ = {
			isa = PBXGroup;
			children = (
				586BE2C91B077B0F00C4B0DF /* AppDelegate.swift */,
				586BE2CE1B077B0F00C4B0DF /* ViewController.swift */,
				586BE2D01B077B0F00C4B0DF /* Main.storyboard */,
				586BE2D31B077B0F00C4B0DF /* Images.xcassets */,
				586BE2D51B077B0F00C4B0DF /* LaunchScreen.xib */,
				586BE2CB1B077B0F00C4B0DF /* lambda.xcdatamodeld */,
				586BE2C71B077B0F00C4B0DF /* Supporting Files */,
			);
			path = lambda;
			sourceTree = "<group>";
		};
		586BE2C71B077B0F00C4B0DF /* Supporting Files */ = {
			isa = PBXGroup;
			children = (
				586BE2C81B077B0F00C4B0DF /* Info.plist */,
			);
			name = "Supporting Files";
			sourceTree = "<group>";
		};
		586BE2DF1B077B0F00C4B0DF /* lambdaTests */ = {
			isa = PBXGroup;
			children = (
				586BE2E21B077B0F00C4B0DF /* lambdaTests.swift */,
				586BE2E01B077B0F00C4B0DF /* Supporting Files */,
			);
			path = lambdaTests;
			sourceTree = "<group>";
		};
		586BE2E01B077B0F00C4B0DF /* Supporting Files */ = {
			isa = PBXGroup;
			children = (
				586BE2E11B077B0F00C4B0DF /* Info.plist */,
			);
			name = "Supporting Files";
			sourceTree = "<group>";
		};
/* End PBXGroup section */

/* Begin PBXNativeTarget section */
		586BE2C31B077B0F00C4B0DF /* lambda */ = {
			isa = PBXNativeTarget;
			buildConfigurationList = 586BE2E61B077B0F00C4B0DF /* Build configuration list for PBXNativeTarget "lambda" */;
			buildPhases = (
				586BE2C01B077B0F00C4B0DF /* Sources */,
				586BE2C11B077B0F00C4B0DF /* Frameworks */,
				586BE2C21B077B0F00C4B0DF /* Resources */,
			);
			buildRules = (
			);
			dependencies = (
			);
			name = lambda;
			productName = lambda;
			productReference = 586BE2C41B077B0F00C4B0DF /* lambda.app */;
			productType = "com.apple.product-type.application";
		};
		586BE2DB1B077B0F00C4B0DF /* lambdaTests */ = {
			isa = PBXNativeTarget;
			buildConfigurationList = 586BE2E91B077B0F00C4B0DF /* Build configuration list for PBXNativeTarget "lambdaTests" */;
			buildPhases = (
				586BE2D81B077B0F00C4B0DF /* Sources */,
				586BE2D91B077B0F00C4B0DF /* Frameworks */,
				586BE2DA1B077B0F00C4B0DF /* Resources */,
			);
			buildRules = (
			);
			dependencies = (
				586BE2DE1B077B0F00C4B0DF /* PBXTargetDependency */,
			);
			name = lambdaTests;
			productName = lambdaTests;
			productReference = 586BE2DC1B077B0F00C4B0DF /* lambdaTests.xctest */;
			productType = "com.apple.product-type.bundle.unit-test";
		};
/* End PBXNativeTarget section */

/* Begin PBXProject section */
		586BE2BC1B077B0F00C4B0DF /* Project object */ = {
			isa = PBXProject;
			attributes = {
				LastUpgradeCheck = 0630;
				ORGANIZATIONNAME = "Cooley Mobile Development LLC";
				TargetAttributes = {
					586BE2C31B077B0F00C4B0DF = {
						CreatedOnToolsVersion = 6.3.1;
					};
					586BE2DB1B077B0F00C4B0DF = {
						CreatedOnToolsVersion = 6.3.1;
						TestTargetID = 586BE2C31B077B0F00C4B0DF;
					};
				};
			};
			buildConfigurationList = 586BE2BF1B077B0F00C4B0DF /* Build configuration list for PBXProject "lambda" */;
			compatibilityVersion = "Xcode 3.2";
			developmentRegion = English;
			hasScannedForEncodings = 0;
			knownRegions = (
				en,
				Base,
			);
			mainGroup = 586BE2BB1B077B0F00C4B0DF;
			productRefGroup = 586BE2C51B077B0F00C4B0DF /* Products */;
			projectDirPath = "";
			projectRoot = "";
			targets = (
				586BE2C31B077B0F00C4B0DF /* lambda */,
				586BE2DB1B077B0F00C4B0DF /* lambdaTests */,
			);
		};
/* End PBXProject section */

/* Begin PBXResourcesBuildPhase section */
		586BE2C21B077B0F00C4B0DF /* Resources */ = {
			isa = PBXResourcesBuildPhase;
			buildActionMask = 2147483647;
			files = (
				586BE2D21B077B0F00C4B0DF /* Main.storyboard in Resources */,
				586BE2D71B077B0F00C4B0DF /* LaunchScreen.xib in Resources */,
				586BE2D41B077B0F00C4B0DF /* Images.xcassets in Resources */,
			);
			runOnlyForDeploymentPostprocessing = 0;
		};
		586BE2DA1B077B0F00C4B0DF /* Resources */ = {
			isa = PBXResourcesBuildPhase;
			buildActionMask = 2147483647;
			files = (
			);
			runOnlyForDeploymentPostprocessing = 0;
		};
/* End PBXResourcesBuildPhase section */

/* Begin PBXSourcesBuildPhase section */
		586BE2C01B077B0F00C4B0DF /* Sources */ = {
			isa = PBXSourcesBuildPhase;
			buildActionMask = 2147483647;
			files = (
				586BE2CF1B077B0F00C4B0DF /* ViewController.swift in Sources */,
				586BE2CD1B077B0F00C4B0DF /* lambda.xcdatamodeld in Sources */,
				586BE2CA1B077B0F00C4B0DF /* AppDelegate.swift in Sources */,
			);
			runOnlyForDeploymentPostprocessing = 0;
		};
		586BE2D81B077B0F00C4B0DF /* Sources */ = {
			isa = PBXSourcesBuildPhase;
			buildActionMask = 2147483647;
			files = (
				586BE2E31B077B0F00C4B0DF /* lambdaTests.swift in Sources */,
			);
			runOnlyForDeploymentPostprocessing = 0;
		};
/* End PBXSourcesBuildPhase section */

/* Begin PBXTargetDependency section */
		586BE2DE1B077B0F00C4B0DF /* PBXTargetDependency */ = {
			isa = PBXTargetDependency;
			target = 586BE2C31B077B0F00C4B0DF /* lambda */;
			targetProxy = 586BE2DD1B077B0F00C4B0DF /* PBXContainerItemProxy */;
		};
/* End PBXTargetDependency section */

/* Begin PBXVariantGroup section */
		586BE2D01B077B0F00C4B0DF /* Main.storyboard */ = {
			isa = PBXVariantGroup;
			children = (
				586BE2D11B077B0F00C4B0DF /* Base */,
			);
			name = Main.storyboard;
			sourceTree = "<group>";
		};
		586BE2D51B077B0F00C4B0DF /* LaunchScreen.xib */ = {
			isa = PBXVariantGroup;
			children = (
				586BE2D61B077B0F00C4B0DF /* Base */,
			);
			name = LaunchScreen.xib;
			sourceTree = "<group>";
		};
/* End PBXVariantGroup section */

/* Begin XCBuildConfiguration section */
		586BE2E41B077B0F00C4B0DF /* Debug */ = {
			isa = XCBuildConfiguration;
			buildSettings = {
				ALWAYS_SEARCH_USER_PATHS = NO;
				CLANG_CXX_LANGUAGE_STANDARD = "gnu++0x";
				CLANG_CXX_LIBRARY = "libc++";
				CLANG_ENABLE_MODULES = YES;
				CLANG_ENABLE_OBJC_ARC = YES;
				CLANG_WARN_BOOL_CONVERSION = YES;
				CLANG_WARN_CONSTANT_CONVERSION = YES;
				CLANG_WARN_DIRECT_OBJC_ISA_USAGE = YES_ERROR;
				CLANG_WARN_EMPTY_BODY = YES;
				CLANG_WARN_ENUM_CONVERSION = YES;
				CLANG_WARN_INT_CONVERSION = YES;
				CLANG_WARN_OBJC_ROOT_CLASS = YES_ERROR;
				CLANG_WARN_UNREACHABLE_CODE = YES;
				CLANG_WARN__DUPLICATE_METHOD_MATCH = YES;
				"CODE_SIGN_IDENTITY[sdk=iphoneos*]" = "iPhone Developer";
				COPY_PHASE_STRIP = NO;
				DEBUG_INFORMATION_FORMAT = "dwarf-with-dsym";
				ENABLE_STRICT_OBJC_MSGSEND = YES;
				GCC_C_LANGUAGE_STANDARD = gnu99;
				GCC_DYNAMIC_NO_PIC = NO;
				GCC_NO_COMMON_BLOCKS = YES;
				GCC_OPTIMIZATION_LEVEL = 0;
				GCC_PREPROCESSOR_DEFINITIONS = (
					"DEBUG=1",
					"$(inherited)",
				);
				GCC_SYMBOLS_PRIVATE_EXTERN = NO;
				GCC_WARN_64_TO_32_BIT_CONVERSION = YES;
				GCC_WARN_ABOUT_RETURN_TYPE = YES_ERROR;
				GCC_WARN_UNDECLARED_SELECTOR = YES;
				GCC_WARN_UNINITIALIZED_AUTOS = YES_AGGRESSIVE;
				GCC_WARN_UNUSED_FUNCTION = YES;
				GCC_WARN_UNUSED_VARIABLE = YES;
				IPHONEOS_DEPLOYMENT_TARGET = 8.3;
				MTL_ENABLE_DEBUG_INFO = YES;
				ONLY_ACTIVE_ARCH = YES;
				SDKROOT = iphoneos;
				SWIFT_OPTIMIZATION_LEVEL = "-Onone";
			};
			name = Debug;
		};
		586BE2E51B077B0F00C4B0DF /* Release */ = {
			isa = XCBuildConfiguration;
			buildSettings = {
				ALWAYS_SEARCH_USER_PATHS = NO;
				CLANG_CXX_LANGUAGE_STANDARD = "gnu++0x";
				CLANG_CXX_LIBRARY = "libc++";
				CLANG_ENABLE_MODULES = YES;
				CLANG_ENABLE_OBJC_ARC = YES;
				CLANG_WARN_BOOL_CONVERSION = YES;
				CLANG_WARN_CONSTANT_CONVERSION = YES;
				CLANG_WARN_DIRECT_OBJC_ISA_USAGE = YES_ERROR;
				CLANG_WARN_EMPTY_BODY = YES;
				CLANG_WARN_ENUM_CONVERSION = YES;
				CLANG_WARN_INT_CONVERSION = YES;
				CLANG_WARN_OBJC_ROOT_CLASS = YES_ERROR;
				CLANG_WARN_UNREACHABLE_CODE = YES;
				CLANG_WARN__DUPLICATE_METHOD_MATCH = YES;
				"CODE_SIGN_IDENTITY[sdk=iphoneos*]" = "iPhone Developer";
				COPY_PHASE_STRIP = NO;
				DEBUG_INFORMATION_FORMAT = "dwarf-with-dsym";
				ENABLE_NS_ASSERTIONS = NO;
				ENABLE_STRICT_OBJC_MSGSEND = YES;
				GCC_C_LANGUAGE_STANDARD = gnu99;
				GCC_NO_COMMON_BLOCKS = YES;
				GCC_WARN_64_TO_32_BIT_CONVERSION = YES;
				GCC_WARN_ABOUT_RETURN_TYPE = YES_ERROR;
				GCC_WARN_UNDECLARED_SELECTOR = YES;
				GCC_WARN_UNINITIALIZED_AUTOS = YES_AGGRESSIVE;
				GCC_WARN_UNUSED_FUNCTION = YES;
				GCC_WARN_UNUSED_VARIABLE = YES;
				IPHONEOS_DEPLOYMENT_TARGET = 8.3;
				MTL_ENABLE_DEBUG_INFO = NO;
				SDKROOT = iphoneos;
				VALIDATE_PRODUCT = YES;
			};
			name = Release;
		};
		586BE2E71B077B0F00C4B0DF /* Debug */ = {
			isa = XCBuildConfiguration;
			buildSettings = {
				ASSETCATALOG_COMPILER_APPICON_NAME = AppIcon;
				INFOPLIST_FILE = lambda/Info.plist;
				LD_RUNPATH_SEARCH_PATHS = "$(inherited) @executable_path/Frameworks";
				PRODUCT_NAME = "$(TARGET_NAME)";
			};
			name = Debug;
		};
		586BE2E81B077B0F00C4B0DF /* Release */ = {
			isa = XCBuildConfiguration;
			buildSettings = {
				ASSETCATALOG_COMPILER_APPICON_NAME = AppIcon;
				INFOPLIST_FILE = lambda/Info.plist;
				LD_RUNPATH_SEARCH_PATHS = "$(inherited) @executable_path/Frameworks";
				PRODUCT_NAME = "$(TARGET_NAME)";
			};
			name = Release;
		};
		586BE2EA1B077B0F00C4B0DF /* Debug */ = {
			isa = XCBuildConfiguration;
			buildSettings = {
				BUNDLE_LOADER = "$(TEST_HOST)";
				FRAMEWORK_SEARCH_PATHS = (
					"$(SDKROOT)/Developer/Library/Frameworks",
					"$(inherited)",
				);
				GCC_PREPROCESSOR_DEFINITIONS = (
					"DEBUG=1",
					"$(inherited)",
				);
				INFOPLIST_FILE = lambdaTests/Info.plist;
				LD_RUNPATH_SEARCH_PATHS = "$(inherited) @executable_path/Frameworks @loader_path/Frameworks";
				PRODUCT_NAME = "$(TARGET_NAME)";
				TEST_HOST = "$(BUILT_PRODUCTS_DIR)/lambda.app/lambda";
			};
			name = Debug;
		};
		586BE2EB1B077B0F00C4B0DF /* Release */ = {
			isa = XCBuildConfiguration;
			buildSettings = {
				BUNDLE_LOADER = "$(TEST_HOST)";
				FRAMEWORK_SEARCH_PATHS = (
					"$(SDKROOT)/Developer/Library/Frameworks",
					"$(inherited)",
				);
				INFOPLIST_FILE = lambdaTests/Info.plist;
				LD_RUNPATH_SEARCH_PATHS = "$(inherited) @executable_path/Frameworks @loader_path/Frameworks";
				PRODUCT_NAME = "$(TARGET_NAME)";
				TEST_HOST = "$(BUILT_PRODUCTS_DIR)/lambda.app/lambda";
			};
			name = Release;
		};
/* End XCBuildConfiguration section */

/* Begin XCConfigurationList section */
		586BE2BF1B077B0F00C4B0DF /* Build configuration list for PBXProject "lambda" */ = {
			isa = XCConfigurationList;
			buildConfigurations = (
				586BE2E41B077B0F00C4B0DF /* Debug */,
				586BE2E51B077B0F00C4B0DF /* Release */,
			);
			defaultConfigurationIsVisible = 0;
			defaultConfigurationName = Release;
		};
		586BE2E61B077B0F00C4B0DF /* Build configuration list for PBXNativeTarget "lambda" */ = {
			isa = XCConfigurationList;
			buildConfigurations = (
				586BE2E71B077B0F00C4B0DF /* Debug */,
				586BE2E81B077B0F00C4B0DF /* Release */,
			);
			defaultConfigurationIsVisible = 0;
		};
		586BE2E91B077B0F00C4B0DF /* Build configuration list for PBXNativeTarget "lambdaTests" */ = {
			isa = XCConfigurationList;
			buildConfigurations = (
				586BE2EA1B077B0F00C4B0DF /* Debug */,
				586BE2EB1B077B0F00C4B0DF /* Release */,
			);
			defaultConfigurationIsVisible = 0;
		};
/* End XCConfigurationList section */

/* Begin XCVersionGroup section */
		586BE2CB1B077B0F00C4B0DF /* lambda.xcdatamodeld */ = {
			isa = XCVersionGroup;
			children = (
				586BE2CC1B077B0F00C4B0DF /* lambda.xcdatamodel */,
			);
			currentVersion = 586BE2CC1B077B0F00C4B0DF /* lambda.xcdatamodel */;
			path = lambda.xcdatamodeld;
			sourceTree = "<group>";
			versionGroupType = wrapper.xcdatamodel;
		};
/* End XCVersionGroup section */
	};
	rootObject = 586BE2BC1B077B0F00C4B0DF /* Project object */;
}
